
Microsoft Visual Studio Solution File, Format Version 12.00
# Visual Studio 15
VisualStudioVersion = 15.0.27004.2010
MinimumVisualStudioVersion = 10.0.40219.1
Project("{FAE04EC0-301F-11D3-BF4B-00C04F79EFBC}") = "DogApp", "DogApp\DogApp.csproj", "{D1886CA0-A399-4397-93A8-EF36088A781C}"
EndProject
Global
	GlobalSection(SolutionConfigurationPlatforms) = preSolution
		Debug|Any CPU = Debug|Any CPU
		Release|Any CPU = Release|Any CPU
	EndGlobalSection
	GlobalSection(ProjectConfigurationPlatforms) = postSolution
		{D1886CA0-A399-4397-93A8-EF36088A781C}.Debug|Any CPU.ActiveCfg = Debug|Any CPU
		{D1886CA0-A399-4397-93A8-EF36088A781C}.Debug|Any CPU.Build.0 = Debug|Any CPU
		{D1886CA0-A399-4397-93A8-EF36088A781C}.Release|Any CPU.ActiveCfg = Release|Any CPU
		{D1886CA0-A399-4397-93A8-EF36088A781C}.Release|Any CPU.Build.0 = Release|Any CPU
	EndGlobalSection
	GlobalSection(SolutionProperties) = preSolution
		HideSolutionNode = FALSE
	EndGlobalSection
	GlobalSection(ExtensibilityGlobals) = postSolution
		SolutionGuid = {B394A263-4342-4819-9C18-85C47DB4C95C}
	EndGlobalSection
EndGlobal
